// !$*UTF8*$!
{
	archiveVersion = 1;
	classes = {
	};
	objectVersion = 50;
	objects = {

/* Begin PBXBuildFile section */
		04BF45D225EC9896009DE8F4 /* AppDelegate.swift in Sources */ = {isa = PBXBuildFile; fileRef = 04BF45D125EC9896009DE8F4 /* AppDelegate.swift */; };
		04BF45D425EC9896009DE8F4 /* SceneDelegate.swift in Sources */ = {isa = PBXBuildFile; fileRef = 04BF45D325EC9896009DE8F4 /* SceneDelegate.swift */; };
		04BF45D925EC9896009DE8F4 /* Main.storyboard in Resources */ = {isa = PBXBuildFile; fileRef = 04BF45D725EC9896009DE8F4 /* Main.storyboard */; };
		04BF45DB25EC9897009DE8F4 /* Assets.xcassets in Resources */ = {isa = PBXBuildFile; fileRef = 04BF45DA25EC9897009DE8F4 /* Assets.xcassets */; };
		04BF45DE25EC9897009DE8F4 /* LaunchScreen.storyboard in Resources */ = {isa = PBXBuildFile; fileRef = 04BF45DC25EC9897009DE8F4 /* LaunchScreen.storyboard */; };
		04BF45E725ED95BB009DE8F4 /* TableViewController.swift in Sources */ = {isa = PBXBuildFile; fileRef = 04BF45E625ED95BB009DE8F4 /* TableViewController.swift */; };
		04BF45EB25ED9BFD009DE8F4 /* Movies.swift in Sources */ = {isa = PBXBuildFile; fileRef = 04BF45EA25ED9BFD009DE8F4 /* Movies.swift */; };
		04BF45F125EDA496009DE8F4 /* webview.swift in Sources */ = {isa = PBXBuildFile; fileRef = 04BF45F025EDA496009DE8F4 /* webview.swift */; };
/* End PBXBuildFile section */

/* Begin PBXFileReference section */
		04BF45CE25EC9896009DE8F4 /* Yicheng_Li_Assignment8.app */ = {isa = PBXFileReference; explicitFileType = wrapper.application; includeInIndex = 0; path = Yicheng_Li_Assignment8.app; sourceTree = BUILT_PRODUCTS_DIR; };
		04BF45D125EC9896009DE8F4 /* AppDelegate.swift */ = {isa = PBXFileReference; lastKnownFileType = sourcecode.swift; path = AppDelegate.swift; sourceTree = "<group>"; };
		04BF45D325EC9896009DE8F4 /* SceneDelegate.swift */ = {isa = PBXFileReference; lastKnownFileType = sourcecode.swift; path = SceneDelegate.swift; sourceTree = "<group>"; };
		04BF45D825EC9896009DE8F4 /* Base */ = {isa = PBXFileReference; lastKnownFileType = file.storyboard; name = Base; path = Base.lproj/Main.storyboard; sourceTree = "<group>"; };
		04BF45DA25EC9897009DE8F4 /* Assets.xcassets */ = {isa = PBXFileReference; lastKnownFileType = folder.assetcatalog; path = Assets.xcassets; sourceTree = "<group>"; };
		04BF45DD25EC9897009DE8F4 /* Base */ = {isa = PBXFileReference; lastKnownFileType = file.storyboard; name = Base; path = Base.lproj/LaunchScreen.storyboard; sourceTree = "<group>"; };
		04BF45DF25EC9897009DE8F4 /* Info.plist */ = {isa = PBXFileReference; lastKnownFileType = text.plist.xml; path = Info.plist; sourceTree = "<group>"; };
		04BF45E625ED95BB009DE8F4 /* TableViewController.swift */ = {isa = PBXFileReference; lastKnownFileType = sourcecode.swift; path = TableViewController.swift; sourceTree = "<group>"; };
		04BF45EA25ED9BFD009DE8F4 /* Movies.swift */ = {isa = PBXFileReference; lastKnownFileType = sourcecode.swift; path = Movies.swift; sourceTree = "<group>"; };
		04BF45F025EDA496009DE8F4 /* webview.swift */ = {isa = PBXFileReference; lastKnownFileType = sourcecode.swift; path = webview.swift; sourceTree = "<group>"; };
/* End PBXFileReference section */

/* Begin PBXFrameworksBuildPhase section */
		04BF45CB25EC9896009DE8F4 /* Frameworks */ = {
			isa = PBXFrameworksBuildPhase;
			buildActionMask = 2147483647;
			files = (
			);
			runOnlyForDeploymentPostprocessing = 0;
		};
/* End PBXFrameworksBuildPhase section */

/* Begin PBXGroup section */
		04BF45C525EC9896009DE8F4 = {
			isa = PBXGroup;
			children = (
				04BF45D025EC9896009DE8F4 /* Yicheng_Li_Assignment8 */,
				04BF45CF25EC9896009DE8F4 /* Products */,
			);
			sourceTree = "<group>";
		};
		04BF45CF25EC9896009DE8F4 /* Products */ = {
			isa = PBXGroup;
			children = (
				04BF45CE25EC9896009DE8F4 /* Yicheng_Li_Assignment8.app */,
			);
			name = Products;
			sourceTree = "<group>";
		};
		04BF45D025EC9896009DE8F4 /* Yicheng_Li_Assignment8 */ = {
			isa = PBXGroup;
			children = (
				04BF45D125EC9896009DE8F4 /* AppDelegate.swift */,
				04BF45D325EC9896009DE8F4 /* SceneDelegate.swift */,
				04BF45D725EC9896009DE8F4 /* Main.storyboard */,
				04BF45DA25EC9897009DE8F4 /* Assets.xcassets */,
				04BF45DC25EC9897009DE8F4 /* LaunchScreen.storyboard */,
				04BF45DF25EC9897009DE8F4 /* Info.plist */,
				04BF45E625ED95BB009DE8F4 /* TableViewController.swift */,
				04BF45EA25ED9BFD009DE8F4 /* Movies.swift */,
				04BF45F025EDA496009DE8F4 /* webview.swift */,
			);
			path = Yicheng_Li_Assignment8;
			sourceTree = "<group>";
		};
/* End PBXGroup section */

/* Begin PBXNativeTarget section */
		04BF45CD25EC9896009DE8F4 /* Yicheng_Li_Assignment8 */ = {
			isa = PBXNativeTarget;
			buildConfigurationList = 04BF45E225EC9897009DE8F4 /* Build configuration list for PBXNativeTarget "Yicheng_Li_Assignment8" */;
			buildPhases = (
				04BF45CA25EC9896009DE8F4 /* Sources */,
				04BF45CB25EC9896009DE8F4 /* Frameworks */,
				04BF45CC25EC9896009DE8F4 /* Resources */,
			);
			buildRules = (
			);
			dependencies = (
			);
			name = Yicheng_Li_Assignment8;
			productName = Yicheng_Li_Assignment8;
			productReference = 04BF45CE25EC9896009DE8F4 /* Yicheng_Li_Assignment8.app */;
			productType = "com.apple.product-type.application";
		};
/* End PBXNativeTarget section */

/* Begin PBXProject section */
		04BF45C625EC9896009DE8F4 /* Project object */ = {
			isa = PBXProject;
			attributes = {
				LastSwiftUpdateCheck = 1240;
				LastUpgradeCheck = 1240;
				TargetAttributes = {
					04BF45CD25EC9896009DE8F4 = {
						CreatedOnToolsVersion = 12.4;
					};
				};
			};
			buildConfigurationList = 04BF45C925EC9896009DE8F4 /* Build configuration list for PBXProject "Yicheng_Li_Assignment8" */;
			compatibilityVersion = "Xcode 9.3";
			developmentRegion = en;
			hasScannedForEncodings = 0;
			knownRegions = (
				en,
				Base,
			);
			mainGroup = 04BF45C525EC9896009DE8F4;
			productRefGroup = 04BF45CF25EC9896009DE8F4 /* Products */;
			projectDirPath = "";
			projectRoot = "";
			targets = (
				04BF45CD25EC9896009DE8F4 /* Yicheng_Li_Assignment8 */,
			);
		};
/* End PBXProject section */

/* Begin PBXResourcesBuildPhase section */
		04BF45CC25EC9896009DE8F4 /* Resources */ = {
			isa = PBXResourcesBuildPhase;
			buildActionMask = 2147483647;
			files = (
				04BF45DE25EC9897009DE8F4 /* LaunchScreen.storyboard in Resources */,
				04BF45DB25EC9897009DE8F4 /* Assets.xcassets in Resources */,
				04BF45D925EC9896009DE8F4 /* Main.storyboard in Resources */,
			);
			runOnlyForDeploymentPostprocessing = 0;
		};
/* End PBXResourcesBuildPhase section */

/* Begin PBXSourcesBuildPhase section */
		04BF45CA25EC9896009DE8F4 /* Sources */ = {
			isa = PBXSourcesBuildPhase;
			buildActionMask = 2147483647;
			files = (
				04BF45EB25ED9BFD009DE8F4 /* Movies.swift in Sources */,
				04BF45D225EC9896009DE8F4 /* AppDelegate.swift in Sources */,
				04BF45D425EC9896009DE8F4 /* SceneDelegate.swift in Sources */,
				04BF45F125EDA496009DE8F4 /* webview.swift in Sources */,
				04BF45E725ED95BB009DE8F4 /* TableViewController.swift in Sources */,
			);
			runOnlyForDeploymentPostprocessing = 0;
		};
/* End PBXSourcesBuildPhase section */

/* Begin PBXVariantGroup section */
		04BF45D725EC9896009DE8F4 /* Main.storyboard */ = {
			isa = PBXVariantGroup;
			children = (
				04BF45D825EC9896009DE8F4 /* Base */,
			);
			name = Main.storyboard;
			sourceTree = "<group>";
		};
		04BF45DC25EC9897009DE8F4 /* LaunchScreen.storyboard */ = {
			isa = PBXVariantGroup;
			children = (
				04BF45DD25EC9897009DE8F4 /* Base */,
			);
			name = LaunchScreen.storyboard;
			sourceTree = "<group>";
		};
/* End PBXVariantGroup section */

/* Begin XCBuildConfiguration section */
		04BF45E025EC9897009DE8F4 /* Debug */ = {
			isa = XCBuildConfiguration;
			buildSettings = {
				ALWAYS_SEARCH_USER_PATHS = NO;
				CLANG_ANALYZER_NONNULL = YES;
				CLANG_ANALYZER_NUMBER_OBJECT_CONVERSION = YES_AGGRESSIVE;
				CLANG_CXX_LANGUAGE_STANDARD = "gnu++14";
				CLANG_CXX_LIBRARY = "libc++";
				CLANG_ENABLE_MODULES = YES;
				CLANG_ENABLE_OBJC_ARC = YES;
				CLANG_ENABLE_OBJC_WEAK = YES;
				CLANG_WARN_BLOCK_CAPTURE_AUTORELEASING = YES;
				CLANG_WARN_BOOL_CONVERSION = YES;
				CLANG_WARN_COMMA = YES;
				CLANG_WARN_CONSTANT_CONVERSION = YES;
				CLANG_WARN_DEPRECATED_OBJC_IMPLEMENTATIONS = YES;
				CLANG_WARN_DIRECT_OBJC_ISA_USAGE = YES_ERROR;
				CLANG_WARN_DOCUMENTATION_COMMENTS = YES;
				CLANG_WARN_EMPTY_BODY = YES;
				CLANG_WARN_ENUM_CONVERSION = YES;
				CLANG_WARN_INFINITE_RECURSION = YES;
				CLANG_WARN_INT_CONVERSION = YES;
				CLANG_WARN_NON_LITERAL_NULL_CONVERSION = YES;
				CLANG_WARN_OBJC_IMPLICIT_RETAIN_SELF = YES;
				CLANG_WARN_OBJC_LITERAL_CONVERSION = YES;
				CLANG_WARN_OBJC_ROOT_CLASS = YES_ERROR;
				CLANG_WARN_QUOTED_INCLUDE_IN_FRAMEWORK_HEADER = YES;
				CLANG_WARN_RANGE_LOOP_ANALYSIS = YES;
				CLANG_WARN_STRICT_PROTOTYPES = YES;
				CLANG_WARN_SUSPICIOUS_MOVE = YES;
				CLANG_WARN_UNGUARDED_AVAILABILITY = YES_AGGRESSIVE;
				CLANG_WARN_UNREACHABLE_CODE = YES;
				CLANG_WARN__DUPLICATE_METHOD_MATCH = YES;
				COPY_PHASE_STRIP = NO;
				DEBUG_INFORMATION_FORMAT = dwarf;
				ENABLE_STRICT_OBJC_MSGSEND = YES;
				ENABLE_TESTABILITY = YES;
				GCC_C_LANGUAGE_STANDARD = gnu11;
				GCC_DYNAMIC_NO_PIC = NO;
				GCC_NO_COMMON_BLOCKS = YES;
				GCC_OPTIMIZATION_LEVEL = 0;
				GCC_PREPROCESSOR_DEFINITIONS = (
					"DEBUG=1",
					"$(inherited)",
				);
				GCC_WARN_64_TO_32_BIT_CONVERSION = YES;
				GCC_WARN_ABOUT_RETURN_TYPE = YES_ERROR;
				GCC_WARN_UNDECLARED_SELECTOR = YES;
				GCC_WARN_UNINITIALIZED_AUTOS = YES_AGGRESSIVE;
				GCC_WARN_UNUSED_FUNCTION = YES;
				GCC_WARN_UNUSED_VARIABLE = YES;
				IPHONEOS_DEPLOYMENT_TARGET = 14.4;
				MTL_ENABLE_DEBUG_INFO = INCLUDE_SOURCE;
				MTL_FAST_MATH = YES;
				ONLY_ACTIVE_ARCH = YES;
				SDKROOT = iphoneos;
				SWIFT_ACTIVE_COMPILATION_CONDITIONS = DEBUG;
				SWIFT_OPTIMIZATION_LEVEL = "-Onone";
			};
			name = Debug;
		};
		04BF45E125EC9897009DE8F4 /* Release */ = {
			isa = XCBuildConfiguration;
			buildSettings = {
				ALWAYS_SEARCH_USER_PATHS = NO;
				CLANG_ANALYZER_NONNULL = YES;
				CLANG_ANALYZER_NUMBER_OBJECT_CONVERSION = YES_AGGRESSIVE;
				CLANG_CXX_LANGUAGE_STANDARD = "gnu++14";
				CLANG_CXX_LIBRARY = "libc++";
				CLANG_ENABLE_MODULES = YES;
				CLANG_ENABLE_OBJC_ARC = YES;
				CLANG_ENABLE_OBJC_WEAK = YES;
				CLANG_WARN_BLOCK_CAPTURE_AUTORELEASING = YES;
				CLANG_WARN_BOOL_CONVERSION = YES;
				CLANG_WARN_COMMA = YES;
				CLANG_WARN_CONSTANT_CONVERSION = YES;
				CLANG_WARN_DEPRECATED_OBJC_IMPLEMENTATIONS = YES;
				CLANG_WARN_DIRECT_OBJC_ISA_USAGE = YES_ERROR;
				CLANG_WARN_DOCUMENTATION_COMMENTS = YES;
				CLANG_WARN_EMPTY_BODY = YES;
				CLANG_WARN_ENUM_CONVERSION = YES;
				CLANG_WARN_INFINITE_RECURSION = YES;
				CLANG_WARN_INT_CONVERSION = YES;
				CLANG_WARN_NON_LITERAL_NULL_CONVERSION = YES;
				CLANG_WARN_OBJC_IMPLICIT_RETAIN_SELF = YES;
				CLANG_WARN_OBJC_LITERAL_CONVERSION = YES;
				CLANG_WARN_OBJC_ROOT_CLASS = YES_ERROR;
				CLANG_WARN_QUOTED_INCLUDE_IN_FRAMEWORK_HEADER = YES;
				CLANG_WARN_RANGE_LOOP_ANALYSIS = YES;
				CLANG_WARN_STRICT_PROTOTYPES = YES;
				CLANG_WARN_SUSPICIOUS_MOVE = YES;
				CLANG_WARN_UNGUARDED_AVAILABILITY = YES_AGGRESSIVE;
				CLANG_WARN_UNREACHABLE_CODE = YES;
				CLANG_WARN__DUPLICATE_METHOD_MATCH = YES;
				COPY_PHASE_STRIP = NO;
				DEBUG_INFORMATION_FORMAT = "dwarf-with-dsym";
				ENABLE_NS_ASSERTIONS = NO;
				ENABLE_STRICT_OBJC_MSGSEND = YES;
				GCC_C_LANGUAGE_STANDARD = gnu11;
				GCC_NO_COMMON_BLOCKS = YES;
				GCC_WARN_64_TO_32_BIT_CONVERSION = YES;
				GCC_WARN_ABOUT_RETURN_TYPE = YES_ERROR;
				GCC_WARN_UNDECLARED_SELECTOR = YES;
				GCC_WARN_UNINITIALIZED_AUTOS = YES_AGGRESSIVE;
				GCC_WARN_UNUSED_FUNCTION = YES;
				GCC_WARN_UNUSED_VARIABLE = YES;
				IPHONEOS_DEPLOYMENT_TARGET = 14.4;
				MTL_ENABLE_DEBUG_INFO = NO;
				MTL_FAST_MATH = YES;
				SDKROOT = iphoneos;
				SWIFT_COMPILATION_MODE = wholemodule;
				SWIFT_OPTIMIZATION_LEVEL = "-O";
				VALIDATE_PRODUCT = YES;
			};
			name = Release;
		};
		04BF45E325EC9897009DE8F4 /* Debug */ = {
			isa = XCBuildConfiguration;
			buildSettings = {
				ASSETCATALOG_COMPILER_APPICON_NAME = AppIcon;
				ASSETCATALOG_COMPILER_GLOBAL_ACCENT_COLOR_NAME = AccentColor;
				CODE_SIGN_STYLE = Automatic;
				DEVELOPMENT_TEAM = TTSV3L7UKT;
				INFOPLIST_FILE = Yicheng_Li_Assignment8/Info.plist;
				LD_RUNPATH_SEARCH_PATHS = (
					"$(inherited)",
					"@executable_path/Frameworks",
				);
				PRODUCT_BUNDLE_IDENTIFIER = "yc-li.Yicheng-Li-Assignment8";
				PRODUCT_NAME = "$(TARGET_NAME)";
				SWIFT_VERSION = 5.0;
				TARGETED_DEVICE_FAMILY = "1,2";
			};
			name = Debug;
		};
		04BF45E425EC9897009DE8F4 /* Release */ = {
			isa = XCBuildConfiguration;
			buildSettings = {
				ASSETCATALOG_COMPILER_APPICON_NAME = AppIcon;
				ASSETCATALOG_COMPILER_GLOBAL_ACCENT_COLOR_NAME = AccentColor;
				CODE_SIGN_STYLE = Automatic;
				DEVELOPMENT_TEAM = TTSV3L7UKT;
				INFOPLIST_FILE = Yicheng_Li_Assignment8/Info.plist;
				LD_RUNPATH_SEARCH_PATHS = (
					"$(inherited)",
					"@executable_path/Frameworks",
				);
				PRODUCT_BUNDLE_IDENTIFIER = "yc-li.Yicheng-Li-Assignment8";
				PRODUCT_NAME = "$(TARGET_NAME)";
				SWIFT_VERSION = 5.0;
				TARGETED_DEVICE_FAMILY = "1,2";
			};
			name = Release;
		};
/* End XCBuildConfiguration section */

/* Begin XCConfigurationList section */
		04BF45C925EC9896009DE8F4 /* Build configuration list for PBXProject "Yicheng_Li_Assignment8" */ = {
			isa = XCConfigurationList;
			buildConfigurations = (
				04BF45E025EC9897009DE8F4 /* Debug */,
				04BF45E125EC9897009DE8F4 /* Release */,
			);
			defaultConfigurationIsVisible = 0;
			defaultConfigurationName = Release;
		};
		04BF45E225EC9897009DE8F4 /* Build configuration list for PBXNativeTarget "Yicheng_Li_Assignment8" */ = {
			isa = XCConfigurationList;
			buildConfigurations = (
				04BF45E325EC9897009DE8F4 /* Debug */,
				04BF45E425EC9897009DE8F4 /* Release */,
			);
			defaultConfigurationIsVisible = 0;
			defaultConfigurationName = Release;
		};
/* End XCConfigurationList section */
	};
	rootObject = 04BF45C625EC9896009DE8F4 /* Project object */;
}
