// !$*UTF8*$!
{
	archiveVersion = 1;
	classes = {
	};
	objectVersion = 50;
	objects = {

/* Begin PBXBuildFile section */
		04F0DC0A25C6F25100265C4D /* AppDelegate.swift in Sources */ = {isa = PBXBuildFile; fileRef = 04F0DC0925C6F25100265C4D /* AppDelegate.swift */; };
		04F0DC0C25C6F25100265C4D /* SceneDelegate.swift in Sources */ = {isa = PBXBuildFile; fileRef = 04F0DC0B25C6F25100265C4D /* SceneDelegate.swift */; };
		04F0DC0E25C6F25100265C4D /* ViewController.swift in Sources */ = {isa = PBXBuildFile; fileRef = 04F0DC0D25C6F25100265C4D /* ViewController.swift */; };
		04F0DC1125C6F25100265C4D /* Main.storyboard in Resources */ = {isa = PBXBuildFile; fileRef = 04F0DC0F25C6F25100265C4D /* Main.storyboard */; };
		04F0DC1325C6F25100265C4D /* Assets.xcassets in Resources */ = {isa = PBXBuildFile; fileRef = 04F0DC1225C6F25100265C4D /* Assets.xcassets */; };
		04F0DC1625C6F25100265C4D /* LaunchScreen.storyboard in Resources */ = {isa = PBXBuildFile; fileRef = 04F0DC1425C6F25100265C4D /* LaunchScreen.storyboard */; };
/* End PBXBuildFile section */

/* Begin PBXFileReference section */
		04F0DC0625C6F25100265C4D /* Yicheng_Li_Assignment4.app */ = {isa = PBXFileReference; explicitFileType = wrapper.application; includeInIndex = 0; path = Yicheng_Li_Assignment4.app; sourceTree = BUILT_PRODUCTS_DIR; };
		04F0DC0925C6F25100265C4D /* AppDelegate.swift */ = {isa = PBXFileReference; lastKnownFileType = sourcecode.swift; path = AppDelegate.swift; sourceTree = "<group>"; };
		04F0DC0B25C6F25100265C4D /* SceneDelegate.swift */ = {isa = PBXFileReference; lastKnownFileType = sourcecode.swift; path = SceneDelegate.swift; sourceTree = "<group>"; };
		04F0DC0D25C6F25100265C4D /* ViewController.swift */ = {isa = PBXFileReference; lastKnownFileType = sourcecode.swift; path = ViewController.swift; sourceTree = "<group>"; };
		04F0DC1025C6F25100265C4D /* Base */ = {isa = PBXFileReference; lastKnownFileType = file.storyboard; name = Base; path = Base.lproj/Main.storyboard; sourceTree = "<group>"; };
		04F0DC1225C6F25100265C4D /* Assets.xcassets */ = {isa = PBXFileReference; lastKnownFileType = folder.assetcatalog; path = Assets.xcassets; sourceTree = "<group>"; };
		04F0DC1525C6F25100265C4D /* Base */ = {isa = PBXFileReference; lastKnownFileType = file.storyboard; name = Base; path = Base.lproj/LaunchScreen.storyboard; sourceTree = "<group>"; };
		04F0DC1725C6F25100265C4D /* Info.plist */ = {isa = PBXFileReference; lastKnownFileType = text.plist.xml; path = Info.plist; sourceTree = "<group>"; };
/* End PBXFileReference section */

/* Begin PBXFrameworksBuildPhase section */
		04F0DC0325C6F25100265C4D /* Frameworks */ = {
			isa = PBXFrameworksBuildPhase;
			buildActionMask = 2147483647;
			files = (
			);
			runOnlyForDeploymentPostprocessing = 0;
		};
/* End PBXFrameworksBuildPhase section */

/* Begin PBXGroup section */
		04F0DBFD25C6F25100265C4D = {
			isa = PBXGroup;
			children = (
				04F0DC0825C6F25100265C4D /* Yicheng_Li_Assignment4 */,
				04F0DC0725C6F25100265C4D /* Products */,
			);
			sourceTree = "<group>";
		};
		04F0DC0725C6F25100265C4D /* Products */ = {
			isa = PBXGroup;
			children = (
				04F0DC0625C6F25100265C4D /* Yicheng_Li_Assignment4.app */,
			);
			name = Products;
			sourceTree = "<group>";
		};
		04F0DC0825C6F25100265C4D /* Yicheng_Li_Assignment4 */ = {
			isa = PBXGroup;
			children = (
				04F0DC0925C6F25100265C4D /* AppDelegate.swift */,
				04F0DC0B25C6F25100265C4D /* SceneDelegate.swift */,
				04F0DC0D25C6F25100265C4D /* ViewController.swift */,
				04F0DC0F25C6F25100265C4D /* Main.storyboard */,
				04F0DC1225C6F25100265C4D /* Assets.xcassets */,
				04F0DC1425C6F25100265C4D /* LaunchScreen.storyboard */,
				04F0DC1725C6F25100265C4D /* Info.plist */,
			);
			path = Yicheng_Li_Assignment4;
			sourceTree = "<group>";
		};
/* End PBXGroup section */

/* Begin PBXNativeTarget section */
		04F0DC0525C6F25100265C4D /* Yicheng_Li_Assignment4 */ = {
			isa = PBXNativeTarget;
			buildConfigurationList = 04F0DC1A25C6F25100265C4D /* Build configuration list for PBXNativeTarget "Yicheng_Li_Assignment4" */;
			buildPhases = (
				04F0DC0225C6F25100265C4D /* Sources */,
				04F0DC0325C6F25100265C4D /* Frameworks */,
				04F0DC0425C6F25100265C4D /* Resources */,
			);
			buildRules = (
			);
			dependencies = (
			);
			name = Yicheng_Li_Assignment4;
			productName = Yicheng_Li_Assignment4;
			productReference = 04F0DC0625C6F25100265C4D /* Yicheng_Li_Assignment4.app */;
			productType = "com.apple.product-type.application";
		};
/* End PBXNativeTarget section */

/* Begin PBXProject section */
		04F0DBFE25C6F25100265C4D /* Project object */ = {
			isa = PBXProject;
			attributes = {
				LastSwiftUpdateCheck = 1230;
				LastUpgradeCheck = 1230;
				TargetAttributes = {
					04F0DC0525C6F25100265C4D = {
						CreatedOnToolsVersion = 12.3;
					};
				};
			};
			buildConfigurationList = 04F0DC0125C6F25100265C4D /* Build configuration list for PBXProject "Yicheng_Li_Assignment4" */;
			compatibilityVersion = "Xcode 9.3";
			developmentRegion = en;
			hasScannedForEncodings = 0;
			knownRegions = (
				en,
				Base,
			);
			mainGroup = 04F0DBFD25C6F25100265C4D;
			productRefGroup = 04F0DC0725C6F25100265C4D /* Products */;
			projectDirPath = "";
			projectRoot = "";
			targets = (
				04F0DC0525C6F25100265C4D /* Yicheng_Li_Assignment4 */,
			);
		};
/* End PBXProject section */

/* Begin PBXResourcesBuildPhase section */
		04F0DC0425C6F25100265C4D /* Resources */ = {
			isa = PBXResourcesBuildPhase;
			buildActionMask = 2147483647;
			files = (
				04F0DC1625C6F25100265C4D /* LaunchScreen.storyboard in Resources */,
				04F0DC1325C6F25100265C4D /* Assets.xcassets in Resources */,
				04F0DC1125C6F25100265C4D /* Main.storyboard in Resources */,
			);
			runOnlyForDeploymentPostprocessing = 0;
		};
/* End PBXResourcesBuildPhase section */

/* Begin PBXSourcesBuildPhase section */
		04F0DC0225C6F25100265C4D /* Sources */ = {
			isa = PBXSourcesBuildPhase;
			buildActionMask = 2147483647;
			files = (
				04F0DC0E25C6F25100265C4D /* ViewController.swift in Sources */,
				04F0DC0A25C6F25100265C4D /* AppDelegate.swift in Sources */,
				04F0DC0C25C6F25100265C4D /* SceneDelegate.swift in Sources */,
			);
			runOnlyForDeploymentPostprocessing = 0;
		};
/* End PBXSourcesBuildPhase section */

/* Begin PBXVariantGroup section */
		04F0DC0F25C6F25100265C4D /* Main.storyboard */ = {
			isa = PBXVariantGroup;
			children = (
				04F0DC1025C6F25100265C4D /* Base */,
			);
			name = Main.storyboard;
			sourceTree = "<group>";
		};
		04F0DC1425C6F25100265C4D /* LaunchScreen.storyboard */ = {
			isa = PBXVariantGroup;
			children = (
				04F0DC1525C6F25100265C4D /* Base */,
			);
			name = LaunchScreen.storyboard;
			sourceTree = "<group>";
		};
/* End PBXVariantGroup section */

/* Begin XCBuildConfiguration section */
		04F0DC1825C6F25100265C4D /* Debug */ = {
			isa = XCBuildConfiguration;
			buildSettings = {
				ALWAYS_SEARCH_USER_PATHS = NO;
				CLANG_ANALYZER_NONNULL = YES;
				CLANG_ANALYZER_NUMBER_OBJECT_CONVERSION = YES_AGGRESSIVE;
				CLANG_CXX_LANGUAGE_STANDARD = "gnu++14";
				CLANG_CXX_LIBRARY = "libc++";
				CLANG_ENABLE_MODULES = YES;
				CLANG_ENABLE_OBJC_ARC = YES;
				CLANG_ENABLE_OBJC_WEAK = YES;
				CLANG_WARN_BLOCK_CAPTURE_AUTORELEASING = YES;
				CLANG_WARN_BOOL_CONVERSION = YES;
				CLANG_WARN_COMMA = YES;
				CLANG_WARN_CONSTANT_CONVERSION = YES;
				CLANG_WARN_DEPRECATED_OBJC_IMPLEMENTATIONS = YES;
				CLANG_WARN_DIRECT_OBJC_ISA_USAGE = YES_ERROR;
				CLANG_WARN_DOCUMENTATION_COMMENTS = YES;
				CLANG_WARN_EMPTY_BODY = YES;
				CLANG_WARN_ENUM_CONVERSION = YES;
				CLANG_WARN_INFINITE_RECURSION = YES;
				CLANG_WARN_INT_CONVERSION = YES;
				CLANG_WARN_NON_LITERAL_NULL_CONVERSION = YES;
				CLANG_WARN_OBJC_IMPLICIT_RETAIN_SELF = YES;
				CLANG_WARN_OBJC_LITERAL_CONVERSION = YES;
				CLANG_WARN_OBJC_ROOT_CLASS = YES_ERROR;
				CLANG_WARN_QUOTED_INCLUDE_IN_FRAMEWORK_HEADER = YES;
				CLANG_WARN_RANGE_LOOP_ANALYSIS = YES;
				CLANG_WARN_STRICT_PROTOTYPES = YES;
				CLANG_WARN_SUSPICIOUS_MOVE = YES;
				CLANG_WARN_UNGUARDED_AVAILABILITY = YES_AGGRESSIVE;
				CLANG_WARN_UNREACHABLE_CODE = YES;
				CLANG_WARN__DUPLICATE_METHOD_MATCH = YES;
				COPY_PHASE_STRIP = NO;
				DEBUG_INFORMATION_FORMAT = dwarf;
				ENABLE_STRICT_OBJC_MSGSEND = YES;
				ENABLE_TESTABILITY = YES;
				GCC_C_LANGUAGE_STANDARD = gnu11;
				GCC_DYNAMIC_NO_PIC = NO;
				GCC_NO_COMMON_BLOCKS = YES;
				GCC_OPTIMIZATION_LEVEL = 0;
				GCC_PREPROCESSOR_DEFINITIONS = (
					"DEBUG=1",
					"$(inherited)",
				);
				GCC_WARN_64_TO_32_BIT_CONVERSION = YES;
				GCC_WARN_ABOUT_RETURN_TYPE = YES_ERROR;
				GCC_WARN_UNDECLARED_SELECTOR = YES;
				GCC_WARN_UNINITIALIZED_AUTOS = YES_AGGRESSIVE;
				GCC_WARN_UNUSED_FUNCTION = YES;
				GCC_WARN_UNUSED_VARIABLE = YES;
				IPHONEOS_DEPLOYMENT_TARGET = 14.3;
				MTL_ENABLE_DEBUG_INFO = INCLUDE_SOURCE;
				MTL_FAST_MATH = YES;
				ONLY_ACTIVE_ARCH = YES;
				SDKROOT = iphoneos;
				SWIFT_ACTIVE_COMPILATION_CONDITIONS = DEBUG;
				SWIFT_OPTIMIZATION_LEVEL = "-Onone";
			};
			name = Debug;
		};
		04F0DC1925C6F25100265C4D /* Release */ = {
			isa = XCBuildConfiguration;
			buildSettings = {
				ALWAYS_SEARCH_USER_PATHS = NO;
				CLANG_ANALYZER_NONNULL = YES;
				CLANG_ANALYZER_NUMBER_OBJECT_CONVERSION = YES_AGGRESSIVE;
				CLANG_CXX_LANGUAGE_STANDARD = "gnu++14";
				CLANG_CXX_LIBRARY = "libc++";
				CLANG_ENABLE_MODULES = YES;
				CLANG_ENABLE_OBJC_ARC = YES;
				CLANG_ENABLE_OBJC_WEAK = YES;
				CLANG_WARN_BLOCK_CAPTURE_AUTORELEASING = YES;
				CLANG_WARN_BOOL_CONVERSION = YES;
				CLANG_WARN_COMMA = YES;
				CLANG_WARN_CONSTANT_CONVERSION = YES;
				CLANG_WARN_DEPRECATED_OBJC_IMPLEMENTATIONS = YES;
				CLANG_WARN_DIRECT_OBJC_ISA_USAGE = YES_ERROR;
				CLANG_WARN_DOCUMENTATION_COMMENTS = YES;
				CLANG_WARN_EMPTY_BODY = YES;
				CLANG_WARN_ENUM_CONVERSION = YES;
				CLANG_WARN_INFINITE_RECURSION = YES;
				CLANG_WARN_INT_CONVERSION = YES;
				CLANG_WARN_NON_LITERAL_NULL_CONVERSION = YES;
				CLANG_WARN_OBJC_IMPLICIT_RETAIN_SELF = YES;
				CLANG_WARN_OBJC_LITERAL_CONVERSION = YES;
				CLANG_WARN_OBJC_ROOT_CLASS = YES_ERROR;
				CLANG_WARN_QUOTED_INCLUDE_IN_FRAMEWORK_HEADER = YES;
				CLANG_WARN_RANGE_LOOP_ANALYSIS = YES;
				CLANG_WARN_STRICT_PROTOTYPES = YES;
				CLANG_WARN_SUSPICIOUS_MOVE = YES;
				CLANG_WARN_UNGUARDED_AVAILABILITY = YES_AGGRESSIVE;
				CLANG_WARN_UNREACHABLE_CODE = YES;
				CLANG_WARN__DUPLICATE_METHOD_MATCH = YES;
				COPY_PHASE_STRIP = NO;
				DEBUG_INFORMATION_FORMAT = "dwarf-with-dsym";
				ENABLE_NS_ASSERTIONS = NO;
				ENABLE_STRICT_OBJC_MSGSEND = YES;
				GCC_C_LANGUAGE_STANDARD = gnu11;
				GCC_NO_COMMON_BLOCKS = YES;
				GCC_WARN_64_TO_32_BIT_CONVERSION = YES;
				GCC_WARN_ABOUT_RETURN_TYPE = YES_ERROR;
				GCC_WARN_UNDECLARED_SELECTOR = YES;
				GCC_WARN_UNINITIALIZED_AUTOS = YES_AGGRESSIVE;
				GCC_WARN_UNUSED_FUNCTION = YES;
				GCC_WARN_UNUSED_VARIABLE = YES;
				IPHONEOS_DEPLOYMENT_TARGET = 14.3;
				MTL_ENABLE_DEBUG_INFO = NO;
				MTL_FAST_MATH = YES;
				SDKROOT = iphoneos;
				SWIFT_COMPILATION_MODE = wholemodule;
				SWIFT_OPTIMIZATION_LEVEL = "-O";
				VALIDATE_PRODUCT = YES;
			};
			name = Release;
		};
		04F0DC1B25C6F25100265C4D /* Debug */ = {
			isa = XCBuildConfiguration;
			buildSettings = {
				ASSETCATALOG_COMPILER_APPICON_NAME = AppIcon;
				ASSETCATALOG_COMPILER_GLOBAL_ACCENT_COLOR_NAME = AccentColor;
				CODE_SIGN_STYLE = Automatic;
				DEVELOPMENT_TEAM = TTSV3L7UKT;
				INFOPLIST_FILE = Yicheng_Li_Assignment4/Info.plist;
				LD_RUNPATH_SEARCH_PATHS = (
					"$(inherited)",
					"@executable_path/Frameworks",
				);
				PRODUCT_BUNDLE_IDENTIFIER = "yc-li.Yicheng-Li-Assignment4";
				PRODUCT_NAME = "$(TARGET_NAME)";
				SWIFT_VERSION = 5.0;
				TARGETED_DEVICE_FAMILY = "1,2";
			};
			name = Debug;
		};
		04F0DC1C25C6F25100265C4D /* Release */ = {
			isa = XCBuildConfiguration;
			buildSettings = {
				ASSETCATALOG_COMPILER_APPICON_NAME = AppIcon;
				ASSETCATALOG_COMPILER_GLOBAL_ACCENT_COLOR_NAME = AccentColor;
				CODE_SIGN_STYLE = Automatic;
				DEVELOPMENT_TEAM = TTSV3L7UKT;
				INFOPLIST_FILE = Yicheng_Li_Assignment4/Info.plist;
				LD_RUNPATH_SEARCH_PATHS = (
					"$(inherited)",
					"@executable_path/Frameworks",
				);
				PRODUCT_BUNDLE_IDENTIFIER = "yc-li.Yicheng-Li-Assignment4";
				PRODUCT_NAME = "$(TARGET_NAME)";
				SWIFT_VERSION = 5.0;
				TARGETED_DEVICE_FAMILY = "1,2";
			};
			name = Release;
		};
/* End XCBuildConfiguration section */

/* Begin XCConfigurationList section */
		04F0DC0125C6F25100265C4D /* Build configuration list for PBXProject "Yicheng_Li_Assignment4" */ = {
			isa = XCConfigurationList;
			buildConfigurations = (
				04F0DC1825C6F25100265C4D /* Debug */,
				04F0DC1925C6F25100265C4D /* Release */,
			);
			defaultConfigurationIsVisible = 0;
			defaultConfigurationName = Release;
		};
		04F0DC1A25C6F25100265C4D /* Build configuration list for PBXNativeTarget "Yicheng_Li_Assignment4" */ = {
			isa = XCConfigurationList;
			buildConfigurations = (
				04F0DC1B25C6F25100265C4D /* Debug */,
				04F0DC1C25C6F25100265C4D /* Release */,
			);
			defaultConfigurationIsVisible = 0;
			defaultConfigurationName = Release;
		};
/* End XCConfigurationList section */
	};
	rootObject = 04F0DBFE25C6F25100265C4D /* Project object */;
}
